
Microsoft Visual Studio Solution File, Format Version 12.00
# Visual Studio Version 17
VisualStudioVersion = 17.5.33516.290
MinimumVisualStudioVersion = 10.0.40219.1
Project("{2150E333-8FDC-42A3-9474-1A3956D46DE8}") = "Services", "Services", "{BFE8166C-BF17-4FC0-8A21-6BCBE30604B9}"
EndProject
Project("{2150E333-8FDC-42A3-9474-1A3956D46DE8}") = "Catalog", "Catalog", "{E7881C3F-EF30-472A-9BAA-C391F0BCEB85}"
EndProject
Project("{9A19103F-16F7-4668-BE54-9A1E7A4F7556}") = "FreeCourse.Services.Catalog", "Services\Catalog\FreeCourse.Services.Catalog\FreeCourse.Services.Catalog.csproj", "{5A025F2B-2706-4A2A-99E8-E512ED664D9A}"
EndProject
Project("{2150E333-8FDC-42A3-9474-1A3956D46DE8}") = "Solution Items", "Solution Items", "{0019E3BC-F5CD-41DD-A10D-D9905FF6EE83}"
	ProjectSection(SolutionItems) = preProject
		Ports.txt = Ports.txt
	EndProjectSection
EndProject
Project("{2150E333-8FDC-42A3-9474-1A3956D46DE8}") = "Shared", "Shared", "{B0EE3919-DB8E-4335-A5F9-F5807FEB092D}"
EndProject
Project("{9A19103F-16F7-4668-BE54-9A1E7A4F7556}") = "FreeCourse.Shared", "Shared\FreeCourse.Shared\FreeCourse.Shared.csproj", "{602D1A8D-A515-4E32-946E-D391DC38911D}"
EndProject
Project("{2150E333-8FDC-42A3-9474-1A3956D46DE8}") = "IdentityServer", "IdentityServer", "{B7AE05CA-BDA3-4BE7-A608-B0E8D8B650CD}"
EndProject
Project("{9A19103F-16F7-4668-BE54-9A1E7A4F7556}") = "FreeCourse.IdentityServer", "IdentityServer\FreeCourse.IdentityServer\FreeCourse.IdentityServer.csproj", "{01423C41-ECE4-407A-97DD-A98BBF7B19D0}"
EndProject
Global
	GlobalSection(SolutionConfigurationPlatforms) = preSolution
		Debug|Any CPU = Debug|Any CPU
		Release|Any CPU = Release|Any CPU
	EndGlobalSection
	GlobalSection(ProjectConfigurationPlatforms) = postSolution
		{5A025F2B-2706-4A2A-99E8-E512ED664D9A}.Debug|Any CPU.ActiveCfg = Debug|Any CPU
		{5A025F2B-2706-4A2A-99E8-E512ED664D9A}.Debug|Any CPU.Build.0 = Debug|Any CPU
		{5A025F2B-2706-4A2A-99E8-E512ED664D9A}.Release|Any CPU.ActiveCfg = Release|Any CPU
		{5A025F2B-2706-4A2A-99E8-E512ED664D9A}.Release|Any CPU.Build.0 = Release|Any CPU
		{602D1A8D-A515-4E32-946E-D391DC38911D}.Debug|Any CPU.ActiveCfg = Debug|Any CPU
		{602D1A8D-A515-4E32-946E-D391DC38911D}.Debug|Any CPU.Build.0 = Debug|Any CPU
		{602D1A8D-A515-4E32-946E-D391DC38911D}.Release|Any CPU.ActiveCfg = Release|Any CPU
		{602D1A8D-A515-4E32-946E-D391DC38911D}.Release|Any CPU.Build.0 = Release|Any CPU
		{01423C41-ECE4-407A-97DD-A98BBF7B19D0}.Debug|Any CPU.ActiveCfg = Debug|Any CPU
		{01423C41-ECE4-407A-97DD-A98BBF7B19D0}.Debug|Any CPU.Build.0 = Debug|Any CPU
		{01423C41-ECE4-407A-97DD-A98BBF7B19D0}.Release|Any CPU.ActiveCfg = Release|Any CPU
		{01423C41-ECE4-407A-97DD-A98BBF7B19D0}.Release|Any CPU.Build.0 = Release|Any CPU
	EndGlobalSection
	GlobalSection(SolutionProperties) = preSolution
		HideSolutionNode = FALSE
	EndGlobalSection
	GlobalSection(NestedProjects) = preSolution
		{E7881C3F-EF30-472A-9BAA-C391F0BCEB85} = {BFE8166C-BF17-4FC0-8A21-6BCBE30604B9}
		{5A025F2B-2706-4A2A-99E8-E512ED664D9A} = {E7881C3F-EF30-472A-9BAA-C391F0BCEB85}
		{602D1A8D-A515-4E32-946E-D391DC38911D} = {B0EE3919-DB8E-4335-A5F9-F5807FEB092D}
		{01423C41-ECE4-407A-97DD-A98BBF7B19D0} = {B7AE05CA-BDA3-4BE7-A608-B0E8D8B650CD}
	EndGlobalSection
	GlobalSection(ExtensibilityGlobals) = postSolution
		SolutionGuid = {B6D25E1A-7581-498D-B0C6-499D1E0CC2F8}
	EndGlobalSection
EndGlobal
